
Microsoft Visual Studio Solution File, Format Version 12.00
# Visual Studio Version 16
VisualStudioVersion = 16.0.31613.86
MinimumVisualStudioVersion = 10.0.40219.1
Project("{9A19103F-16F7-4668-BE54-9A1E7A4F7556}") = "PMCS_Console_UI", "PMCS_Console_UI\PMCS_Console_UI.csproj", "{36D577AF-FDE9-4C47-96A5-DF4C8D2ABD61}"
EndProject
Project("{9A19103F-16F7-4668-BE54-9A1E7A4F7556}") = "PMCS.ClassLib", "PMCS.ClassLib\PMCS.ClassLib.csproj", "{E8E8F83F-703F-4433-9813-5CAD55A19B5E}"
EndProject
Project("{FAE04EC0-301F-11D3-BF4B-00C04F79EFBC}") = "PMCS_DataManager", "PMCS_DataManager\PMCS_DataManager.csproj", "{47887C18-A740-4662-9C7B-2BC43A6C18A0}"
EndProject
Project("{FAE04EC0-301F-11D3-BF4B-00C04F79EFBC}") = "PMCS_Helper_WPF", "PMCS_Helper_WPF\PMCS_Helper_WPF.csproj", "{3026AF6E-7199-4B8F-93F9-29EECE51E7AA}"
EndProject
Global
	GlobalSection(SolutionConfigurationPlatforms) = preSolution
		Debug|Any CPU = Debug|Any CPU
		Release|Any CPU = Release|Any CPU
	EndGlobalSection
	GlobalSection(ProjectConfigurationPlatforms) = postSolution
		{36D577AF-FDE9-4C47-96A5-DF4C8D2ABD61}.Debug|Any CPU.ActiveCfg = Debug|Any CPU
		{36D577AF-FDE9-4C47-96A5-DF4C8D2ABD61}.Debug|Any CPU.Build.0 = Debug|Any CPU
		{36D577AF-FDE9-4C47-96A5-DF4C8D2ABD61}.Release|Any CPU.ActiveCfg = Release|Any CPU
		{36D577AF-FDE9-4C47-96A5-DF4C8D2ABD61}.Release|Any CPU.Build.0 = Release|Any CPU
		{E8E8F83F-703F-4433-9813-5CAD55A19B5E}.Debug|Any CPU.ActiveCfg = Debug|Any CPU
		{E8E8F83F-703F-4433-9813-5CAD55A19B5E}.Debug|Any CPU.Build.0 = Debug|Any CPU
		{E8E8F83F-703F-4433-9813-5CAD55A19B5E}.Release|Any CPU.ActiveCfg = Release|Any CPU
		{E8E8F83F-703F-4433-9813-5CAD55A19B5E}.Release|Any CPU.Build.0 = Release|Any CPU
		{47887C18-A740-4662-9C7B-2BC43A6C18A0}.Debug|Any CPU.ActiveCfg = Debug|Any CPU
		{47887C18-A740-4662-9C7B-2BC43A6C18A0}.Debug|Any CPU.Build.0 = Debug|Any CPU
		{47887C18-A740-4662-9C7B-2BC43A6C18A0}.Release|Any CPU.ActiveCfg = Release|Any CPU
		{47887C18-A740-4662-9C7B-2BC43A6C18A0}.Release|Any CPU.Build.0 = Release|Any CPU
		{3026AF6E-7199-4B8F-93F9-29EECE51E7AA}.Debug|Any CPU.ActiveCfg = Debug|Any CPU
		{3026AF6E-7199-4B8F-93F9-29EECE51E7AA}.Debug|Any CPU.Build.0 = Debug|Any CPU
		{3026AF6E-7199-4B8F-93F9-29EECE51E7AA}.Release|Any CPU.ActiveCfg = Release|Any CPU
		{3026AF6E-7199-4B8F-93F9-29EECE51E7AA}.Release|Any CPU.Build.0 = Release|Any CPU
	EndGlobalSection
	GlobalSection(SolutionProperties) = preSolution
		HideSolutionNode = FALSE
	EndGlobalSection
	GlobalSection(ExtensibilityGlobals) = postSolution
		SolutionGuid = {A66B0487-E253-4CE4-A7F8-99E71536AD01}
	EndGlobalSection
EndGlobal
